{
    "_readme": [
        "This file locks the dependencies of your project to a known state",
        "Read more about it at https://getcomposer.org/doc/01-basic-usage.md#installing-dependencies",
        "This file is @generated automatically"
    ],
    "content-hash": "3ec5badf010e7ccfe50e17ae2e21312d",
    "packages": [
        {
            "name": "dandylion/api-framework-route",
            "version": "v0.2",
            "source": {
                "type": "git",
                "url": "https://github.com/dandylion-tech/APIFrameworkRoute.git",
                "reference": "9e829c3b811e261e139bc166c90d0ad9bcaabea9"
            },
            "dist": {
                "type": "zip",
                "url": "https://api.github.com/repos/dandylion-tech/APIFrameworkRoute/zipball/9e829c3b811e261e139bc166c90d0ad9bcaabea9",
                "reference": "9e829c3b811e261e139bc166c90d0ad9bcaabea9",
                "shasum": ""
            },
            "require": {
                "php": "^8.0"
            },
            "type": "framework",
            "autoload": {
                "psr-4": {
                    "Dandylion\\": "src/"
                }
            },
            "notification-url": "https://packagist.org/downloads/",
            "license": [
                "MIT"
            ],
            "description": "Route API Framework",
            "support": {
                "issues": "https://github.com/dandylion-tech/APIFrameworkRoute/issues",
                "source": "https://github.com/dandylion-tech/APIFrameworkRoute/tree/v0.2"
            },
            "time": "2024-07-06T23:13:34+00:00"
        }
    ],
    "packages-dev": [],
    "aliases": [],
    "minimum-stability": "dev",
    "stability-flags": [],
    "prefer-stable": true,
    "prefer-lowest": false,
    "platform": {
        "php": "^8.0"
    },
    "platform-dev": [],
    "plugin-api-version": "2.6.0"
}
